
Microsoft Visual Studio Solution File, Format Version 12.00
# Visual Studio Version 16
VisualStudioVersion = 16.0.31019.35
MinimumVisualStudioVersion = 10.0.40219.1
Project("{FAE04EC0-301F-11D3-BF4B-00C04F79EFBC}") = "Printgur", "Prints\Printgur.csproj", "{17D3A2ED-37CD-49A8-9913-EC7228072A88}"
EndProject
Project("{FAE04EC0-301F-11D3-BF4B-00C04F79EFBC}") = "Installer", "Installer\Installer.csproj", "{4CA49F7C-BF26-4CE5-8208-B86DA7013198}"
EndProject
Global
	GlobalSection(SolutionConfigurationPlatforms) = preSolution
		Debug|Any CPU = Debug|Any CPU
		Release|Any CPU = Release|Any CPU
	EndGlobalSection
	GlobalSection(ProjectConfigurationPlatforms) = postSolution
		{17D3A2ED-37CD-49A8-9913-EC7228072A88}.Debug|Any CPU.ActiveCfg = Debug|Any CPU
		{17D3A2ED-37CD-49A8-9913-EC7228072A88}.Debug|Any CPU.Build.0 = Debug|Any CPU
		{17D3A2ED-37CD-49A8-9913-EC7228072A88}.Release|Any CPU.ActiveCfg = Release|Any CPU
		{17D3A2ED-37CD-49A8-9913-EC7228072A88}.Release|Any CPU.Build.0 = Release|Any CPU
		{4CA49F7C-BF26-4CE5-8208-B86DA7013198}.Debug|Any CPU.ActiveCfg = Debug|Any CPU
		{4CA49F7C-BF26-4CE5-8208-B86DA7013198}.Debug|Any CPU.Build.0 = Debug|Any CPU
		{4CA49F7C-BF26-4CE5-8208-B86DA7013198}.Release|Any CPU.ActiveCfg = Release|Any CPU
		{4CA49F7C-BF26-4CE5-8208-B86DA7013198}.Release|Any CPU.Build.0 = Release|Any CPU
	EndGlobalSection
	GlobalSection(SolutionProperties) = preSolution
		HideSolutionNode = FALSE
	EndGlobalSection
	GlobalSection(ExtensibilityGlobals) = postSolution
		SolutionGuid = {BC22D985-4481-48EC-A96B-E4E2DD8E03E8}
	EndGlobalSection
EndGlobal
